// !$*UTF8*$!
{
	archiveVersion = 1;
	classes = {
	};
	objectVersion = 77;
	objects = {

/* Begin PBXBuildFile section */
		96F56A492DD622390058F1DD /* Nuke in Frameworks */ = {isa = PBXBuildFile; productRef = 96F56A482DD622390058F1DD /* Nuke */; };
		96F56A4B2DD622390058F1DD /* NukeUI in Frameworks */ = {isa = PBXBuildFile; productRef = 96F56A4A2DD622390058F1DD /* NukeUI */; };
		96F56B192DD62D390058F1DD /* FeedKit in Frameworks */ = {isa = PBXBuildFile; productRef = 96F56B182DD62D390058F1DD /* FeedKit */; };
/* End PBXBuildFile section */

/* Begin PBXContainerItemProxy section */
		96F569E72DD621B00058F1DD /* PBXContainerItemProxy */ = {
			isa = PBXContainerItemProxy;
			containerPortal = 96F569CF2DD621AF0058F1DD /* Project object */;
			proxyType = 1;
			remoteGlobalIDString = 96F569D62DD621AF0058F1DD;
			remoteInfo = RadioRSS;
		};
		96F569F12DD621B00058F1DD /* PBXContainerItemProxy */ = {
			isa = PBXContainerItemProxy;
			containerPortal = 96F569CF2DD621AF0058F1DD /* Project object */;
			proxyType = 1;
			remoteGlobalIDString = 96F569D62DD621AF0058F1DD;
			remoteInfo = RadioRSS;
		};
/* End PBXContainerItemProxy section */

/* Begin PBXFileReference section */
		96F569D72DD621AF0058F1DD /* RadioRSS.app */ = {isa = PBXFileReference; explicitFileType = wrapper.application; includeInIndex = 0; path = RadioRSS.app; sourceTree = BUILT_PRODUCTS_DIR; };
		96F569E62DD621B00058F1DD /* RadioRSSTests.xctest */ = {isa = PBXFileReference; explicitFileType = wrapper.cfbundle; includeInIndex = 0; path = RadioRSSTests.xctest; sourceTree = BUILT_PRODUCTS_DIR; };
		96F569F02DD621B00058F1DD /* RadioRSSUITests.xctest */ = {isa = PBXFileReference; explicitFileType = wrapper.cfbundle; includeInIndex = 0; path = RadioRSSUITests.xctest; sourceTree = BUILT_PRODUCTS_DIR; };
/* End PBXFileReference section */

/* Begin PBXFileSystemSynchronizedBuildFileExceptionSet section */
		96F56A992DD625FA0058F1DD /* Exceptions for "RadioRSS" folder in "RadioRSS" target */ = {
			isa = PBXFileSystemSynchronizedBuildFileExceptionSet;
			membershipExceptions = (
				Ressources/Info.plist,
			);
			target = 96F569D62DD621AF0058F1DD /* RadioRSS */;
		};
/* End PBXFileSystemSynchronizedBuildFileExceptionSet section */

/* Begin PBXFileSystemSynchronizedRootGroup section */
		96F569D92DD621AF0058F1DD /* RadioRSS */ = {
			isa = PBXFileSystemSynchronizedRootGroup;
			exceptions = (
				96F56A992DD625FA0058F1DD /* Exceptions for "RadioRSS" folder in "RadioRSS" target */,
			);
			path = RadioRSS;
			sourceTree = "<group>";
		};
		96F569E92DD621B00058F1DD /* RadioRSSTests */ = {
			isa = PBXFileSystemSynchronizedRootGroup;
			path = RadioRSSTests;
			sourceTree = "<group>";
		};
		96F569F32DD621B00058F1DD /* RadioRSSUITests */ = {
			isa = PBXFileSystemSynchronizedRootGroup;
			path = RadioRSSUITests;
			sourceTree = "<group>";
		};
/* End PBXFileSystemSynchronizedRootGroup section */

/* Begin PBXFrameworksBuildPhase section */
		96F569D42DD621AF0058F1DD /* Frameworks */ = {
			isa = PBXFrameworksBuildPhase;
			buildActionMask = 2147483647;
			files = (
				96F56B192DD62D390058F1DD /* FeedKit in Frameworks */,
				96F56A4B2DD622390058F1DD /* NukeUI in Frameworks */,
				96F56A492DD622390058F1DD /* Nuke in Frameworks */,
			);
			runOnlyForDeploymentPostprocessing = 0;
		};
		96F569E32DD621B00058F1DD /* Frameworks */ = {
			isa = PBXFrameworksBuildPhase;
			buildActionMask = 2147483647;
			files = (
			);
			runOnlyForDeploymentPostprocessing = 0;
		};
		96F569ED2DD621B00058F1DD /* Frameworks */ = {
			isa = PBXFrameworksBuildPhase;
			buildActionMask = 2147483647;
			files = (
			);
			runOnlyForDeploymentPostprocessing = 0;
		};
/* End PBXFrameworksBuildPhase section */

/* Begin PBXGroup section */
		96F569CE2DD621AF0058F1DD = {
			isa = PBXGroup;
			children = (
				96F569D92DD621AF0058F1DD /* RadioRSS */,
				96F569E92DD621B00058F1DD /* RadioRSSTests */,
				96F569F32DD621B00058F1DD /* RadioRSSUITests */,
				96F569D82DD621AF0058F1DD /* Products */,
			);
			sourceTree = "<group>";
		};
		96F569D82DD621AF0058F1DD /* Products */ = {
			isa = PBXGroup;
			children = (
				96F569D72DD621AF0058F1DD /* RadioRSS.app */,
				96F569E62DD621B00058F1DD /* RadioRSSTests.xctest */,
				96F569F02DD621B00058F1DD /* RadioRSSUITests.xctest */,
			);
			name = Products;
			sourceTree = "<group>";
		};
/* End PBXGroup section */

/* Begin PBXNativeTarget section */
		96F569D62DD621AF0058F1DD /* RadioRSS */ = {
			isa = PBXNativeTarget;
			buildConfigurationList = 96F569FA2DD621B00058F1DD /* Build configuration list for PBXNativeTarget "RadioRSS" */;
			buildPhases = (
				96F569D32DD621AF0058F1DD /* Sources */,
				96F569D42DD621AF0058F1DD /* Frameworks */,
				96F569D52DD621AF0058F1DD /* Resources */,
			);
			buildRules = (
			);
			dependencies = (
			);
			fileSystemSynchronizedGroups = (
				96F569D92DD621AF0058F1DD /* RadioRSS */,
			);
			name = RadioRSS;
			packageProductDependencies = (
				96F56A482DD622390058F1DD /* Nuke */,
				96F56A4A2DD622390058F1DD /* NukeUI */,
				96F56B182DD62D390058F1DD /* FeedKit */,
			);
			productName = RadioRSS;
			productReference = 96F569D72DD621AF0058F1DD /* RadioRSS.app */;
			productType = "com.apple.product-type.application";
		};
		96F569E52DD621B00058F1DD /* RadioRSSTests */ = {
			isa = PBXNativeTarget;
			buildConfigurationList = 96F569FD2DD621B00058F1DD /* Build configuration list for PBXNativeTarget "RadioRSSTests" */;
			buildPhases = (
				96F569E22DD621B00058F1DD /* Sources */,
				96F569E32DD621B00058F1DD /* Frameworks */,
				96F569E42DD621B00058F1DD /* Resources */,
			);
			buildRules = (
			);
			dependencies = (
				96F569E82DD621B00058F1DD /* PBXTargetDependency */,
			);
			fileSystemSynchronizedGroups = (
				96F569E92DD621B00058F1DD /* RadioRSSTests */,
			);
			name = RadioRSSTests;
			packageProductDependencies = (
			);
			productName = RadioRSSTests;
			productReference = 96F569E62DD621B00058F1DD /* RadioRSSTests.xctest */;
			productType = "com.apple.product-type.bundle.unit-test";
		};
		96F569EF2DD621B00058F1DD /* RadioRSSUITests */ = {
			isa = PBXNativeTarget;
			buildConfigurationList = 96F56A002DD621B00058F1DD /* Build configuration list for PBXNativeTarget "RadioRSSUITests" */;
			buildPhases = (
				96F569EC2DD621B00058F1DD /* Sources */,
				96F569ED2DD621B00058F1DD /* Frameworks */,
				96F569EE2DD621B00058F1DD /* Resources */,
			);
			buildRules = (
			);
			dependencies = (
				96F569F22DD621B00058F1DD /* PBXTargetDependency */,
			);
			fileSystemSynchronizedGroups = (
				96F569F32DD621B00058F1DD /* RadioRSSUITests */,
			);
			name = RadioRSSUITests;
			packageProductDependencies = (
			);
			productName = RadioRSSUITests;
			productReference = 96F569F02DD621B00058F1DD /* RadioRSSUITests.xctest */;
			productType = "com.apple.product-type.bundle.ui-testing";
		};
/* End PBXNativeTarget section */

/* Begin PBXProject section */
		96F569CF2DD621AF0058F1DD /* Project object */ = {
			isa = PBXProject;
			attributes = {
				BuildIndependentTargetsInParallel = 1;
				LastSwiftUpdateCheck = 1630;
				LastUpgradeCheck = 1630;
				TargetAttributes = {
					96F569D62DD621AF0058F1DD = {
						CreatedOnToolsVersion = 16.3;
					};
					96F569E52DD621B00058F1DD = {
						CreatedOnToolsVersion = 16.3;
						TestTargetID = 96F569D62DD621AF0058F1DD;
					};
					96F569EF2DD621B00058F1DD = {
						CreatedOnToolsVersion = 16.3;
						TestTargetID = 96F569D62DD621AF0058F1DD;
					};
				};
			};
			buildConfigurationList = 96F569D22DD621AF0058F1DD /* Build configuration list for PBXProject "RadioRSS" */;
			developmentRegion = en;
			hasScannedForEncodings = 0;
			knownRegions = (
				en,
				Base,
			);
			mainGroup = 96F569CE2DD621AF0058F1DD;
			minimizedProjectReferenceProxies = 1;
			packageReferences = (
				96F56A472DD622390058F1DD /* XCRemoteSwiftPackageReference "Nuke" */,
				96F56B172DD62D390058F1DD /* XCRemoteSwiftPackageReference "FeedKit" */,
			);
			preferredProjectObjectVersion = 77;
			productRefGroup = 96F569D82DD621AF0058F1DD /* Products */;
			projectDirPath = "";
			projectRoot = "";
			targets = (
				96F569D62DD621AF0058F1DD /* RadioRSS */,
				96F569E52DD621B00058F1DD /* RadioRSSTests */,
				96F569EF2DD621B00058F1DD /* RadioRSSUITests */,
			);
		};
/* End PBXProject section */

/* Begin PBXResourcesBuildPhase section */
		96F569D52DD621AF0058F1DD /* Resources */ = {
			isa = PBXResourcesBuildPhase;
			buildActionMask = 2147483647;
			files = (
			);
			runOnlyForDeploymentPostprocessing = 0;
		};
		96F569E42DD621B00058F1DD /* Resources */ = {
			isa = PBXResourcesBuildPhase;
			buildActionMask = 2147483647;
			files = (
			);
			runOnlyForDeploymentPostprocessing = 0;
		};
		96F569EE2DD621B00058F1DD /* Resources */ = {
			isa = PBXResourcesBuildPhase;
			buildActionMask = 2147483647;
			files = (
			);
			runOnlyForDeploymentPostprocessing = 0;
		};
/* End PBXResourcesBuildPhase section */

/* Begin PBXSourcesBuildPhase section */
		96F569D32DD621AF0058F1DD /* Sources */ = {
			isa = PBXSourcesBuildPhase;
			buildActionMask = 2147483647;
			files = (
			);
			runOnlyForDeploymentPostprocessing = 0;
		};
		96F569E22DD621B00058F1DD /* Sources */ = {
			isa = PBXSourcesBuildPhase;
			buildActionMask = 2147483647;
			files = (
			);
			runOnlyForDeploymentPostprocessing = 0;
		};
		96F569EC2DD621B00058F1DD /* Sources */ = {
			isa = PBXSourcesBuildPhase;
			buildActionMask = 2147483647;
			files = (
			);
			runOnlyForDeploymentPostprocessing = 0;
		};
/* End PBXSourcesBuildPhase section */

/* Begin PBXTargetDependency section */
		96F569E82DD621B00058F1DD /* PBXTargetDependency */ = {
			isa = PBXTargetDependency;
			target = 96F569D62DD621AF0058F1DD /* RadioRSS */;
			targetProxy = 96F569E72DD621B00058F1DD /* PBXContainerItemProxy */;
		};
		96F569F22DD621B00058F1DD /* PBXTargetDependency */ = {
			isa = PBXTargetDependency;
			target = 96F569D62DD621AF0058F1DD /* RadioRSS */;
			targetProxy = 96F569F12DD621B00058F1DD /* PBXContainerItemProxy */;
		};
/* End PBXTargetDependency section */

/* Begin XCBuildConfiguration section */
		96F569F82DD621B00058F1DD /* Debug */ = {
			isa = XCBuildConfiguration;
			buildSettings = {
				ALWAYS_SEARCH_USER_PATHS = NO;
				ASSETCATALOG_COMPILER_GENERATE_SWIFT_ASSET_SYMBOL_EXTENSIONS = YES;
				CLANG_ANALYZER_NONNULL = YES;
				CLANG_ANALYZER_NUMBER_OBJECT_CONVERSION = YES_AGGRESSIVE;
				CLANG_CXX_LANGUAGE_STANDARD = "gnu++20";
				CLANG_ENABLE_MODULES = YES;
				CLANG_ENABLE_OBJC_ARC = YES;
				CLANG_ENABLE_OBJC_WEAK = YES;
				CLANG_WARN_BLOCK_CAPTURE_AUTORELEASING = YES;
				CLANG_WARN_BOOL_CONVERSION = YES;
				CLANG_WARN_COMMA = YES;
				CLANG_WARN_CONSTANT_CONVERSION = YES;
				CLANG_WARN_DEPRECATED_OBJC_IMPLEMENTATIONS = YES;
				CLANG_WARN_DIRECT_OBJC_ISA_USAGE = YES_ERROR;
				CLANG_WARN_DOCUMENTATION_COMMENTS = YES;
				CLANG_WARN_EMPTY_BODY = YES;
				CLANG_WARN_ENUM_CONVERSION = YES;
				CLANG_WARN_INFINITE_RECURSION = YES;
				CLANG_WARN_INT_CONVERSION = YES;
				CLANG_WARN_NON_LITERAL_NULL_CONVERSION = YES;
				CLANG_WARN_OBJC_IMPLICIT_RETAIN_SELF = YES;
				CLANG_WARN_OBJC_LITERAL_CONVERSION = YES;
				CLANG_WARN_OBJC_ROOT_CLASS = YES_ERROR;
				CLANG_WARN_QUOTED_INCLUDE_IN_FRAMEWORK_HEADER = YES;
				CLANG_WARN_RANGE_LOOP_ANALYSIS = YES;
				CLANG_WARN_STRICT_PROTOTYPES = YES;
				CLANG_WARN_SUSPICIOUS_MOVE = YES;
				CLANG_WARN_UNGUARDED_AVAILABILITY = YES_AGGRESSIVE;
				CLANG_WARN_UNREACHABLE_CODE = YES;
				CLANG_WARN__DUPLICATE_METHOD_MATCH = YES;
				COPY_PHASE_STRIP = NO;
				DEBUG_INFORMATION_FORMAT = dwarf;
				DEVELOPMENT_TEAM = 4U5V9NVSM3;
				ENABLE_STRICT_OBJC_MSGSEND = YES;
				ENABLE_TESTABILITY = YES;
				ENABLE_USER_SCRIPT_SANDBOXING = YES;
				GCC_C_LANGUAGE_STANDARD = gnu17;
				GCC_DYNAMIC_NO_PIC = NO;
				GCC_NO_COMMON_BLOCKS = YES;
				GCC_OPTIMIZATION_LEVEL = 0;
				GCC_PREPROCESSOR_DEFINITIONS = (
					"DEBUG=1",
					"$(inherited)",
				);
				GCC_WARN_64_TO_32_BIT_CONVERSION = YES;
				GCC_WARN_ABOUT_RETURN_TYPE = YES_ERROR;
				GCC_WARN_UNDECLARED_SELECTOR = YES;
				GCC_WARN_UNINITIALIZED_AUTOS = YES_AGGRESSIVE;
				GCC_WARN_UNUSED_FUNCTION = YES;
				GCC_WARN_UNUSED_VARIABLE = YES;
				IPHONEOS_DEPLOYMENT_TARGET = 18.4;
				LOCALIZATION_PREFERS_STRING_CATALOGS = YES;
				MTL_ENABLE_DEBUG_INFO = INCLUDE_SOURCE;
				MTL_FAST_MATH = YES;
				ONLY_ACTIVE_ARCH = YES;
				SDKROOT = iphoneos;
				SWIFT_ACTIVE_COMPILATION_CONDITIONS = "DEBUG $(inherited)";
				SWIFT_OPTIMIZATION_LEVEL = "-Onone";
			};
			name = Debug;
		};
		96F569F92DD621B00058F1DD /* Release */ = {
			isa = XCBuildConfiguration;
			buildSettings = {
				ALWAYS_SEARCH_USER_PATHS = NO;
				ASSETCATALOG_COMPILER_GENERATE_SWIFT_ASSET_SYMBOL_EXTENSIONS = YES;
				CLANG_ANALYZER_NONNULL = YES;
				CLANG_ANALYZER_NUMBER_OBJECT_CONVERSION = YES_AGGRESSIVE;
				CLANG_CXX_LANGUAGE_STANDARD = "gnu++20";
				CLANG_ENABLE_MODULES = YES;
				CLANG_ENABLE_OBJC_ARC = YES;
				CLANG_ENABLE_OBJC_WEAK = YES;
				CLANG_WARN_BLOCK_CAPTURE_AUTORELEASING = YES;
				CLANG_WARN_BOOL_CONVERSION = YES;
				CLANG_WARN_COMMA = YES;
				CLANG_WARN_CONSTANT_CONVERSION = YES;
				CLANG_WARN_DEPRECATED_OBJC_IMPLEMENTATIONS = YES;
				CLANG_WARN_DIRECT_OBJC_ISA_USAGE = YES_ERROR;
				CLANG_WARN_DOCUMENTATION_COMMENTS = YES;
				CLANG_WARN_EMPTY_BODY = YES;
				CLANG_WARN_ENUM_CONVERSION = YES;
				CLANG_WARN_INFINITE_RECURSION = YES;
				CLANG_WARN_INT_CONVERSION = YES;
				CLANG_WARN_NON_LITERAL_NULL_CONVERSION = YES;
				CLANG_WARN_OBJC_IMPLICIT_RETAIN_SELF = YES;
				CLANG_WARN_OBJC_LITERAL_CONVERSION = YES;
				CLANG_WARN_OBJC_ROOT_CLASS = YES_ERROR;
				CLANG_WARN_QUOTED_INCLUDE_IN_FRAMEWORK_HEADER = YES;
				CLANG_WARN_RANGE_LOOP_ANALYSIS = YES;
				CLANG_WARN_STRICT_PROTOTYPES = YES;
				CLANG_WARN_SUSPICIOUS_MOVE = YES;
				CLANG_WARN_UNGUARDED_AVAILABILITY = YES_AGGRESSIVE;
				CLANG_WARN_UNREACHABLE_CODE = YES;
				CLANG_WARN__DUPLICATE_METHOD_MATCH = YES;
				COPY_PHASE_STRIP = NO;
				DEBUG_INFORMATION_FORMAT = "dwarf-with-dsym";
				DEVELOPMENT_TEAM = 4U5V9NVSM3;
				ENABLE_NS_ASSERTIONS = NO;
				ENABLE_STRICT_OBJC_MSGSEND = YES;
				ENABLE_USER_SCRIPT_SANDBOXING = YES;
				GCC_C_LANGUAGE_STANDARD = gnu17;
				GCC_NO_COMMON_BLOCKS = YES;
				GCC_WARN_64_TO_32_BIT_CONVERSION = YES;
				GCC_WARN_ABOUT_RETURN_TYPE = YES_ERROR;
				GCC_WARN_UNDECLARED_SELECTOR = YES;
				GCC_WARN_UNINITIALIZED_AUTOS = YES_AGGRESSIVE;
				GCC_WARN_UNUSED_FUNCTION = YES;
				GCC_WARN_UNUSED_VARIABLE = YES;
				IPHONEOS_DEPLOYMENT_TARGET = 18.4;
				LOCALIZATION_PREFERS_STRING_CATALOGS = YES;
				MTL_ENABLE_DEBUG_INFO = NO;
				MTL_FAST_MATH = YES;
				SDKROOT = iphoneos;
				SWIFT_COMPILATION_MODE = wholemodule;
				VALIDATE_PRODUCT = YES;
			};
			name = Release;
		};
		96F569FB2DD621B00058F1DD /* Debug */ = {
			isa = XCBuildConfiguration;
			buildSettings = {
				ASSETCATALOG_COMPILER_APPICON_NAME = AppIcon;
				ASSETCATALOG_COMPILER_GLOBAL_ACCENT_COLOR_NAME = AccentColor;
				CODE_SIGN_ENTITLEMENTS = RadioRSS/Ressources/RadioRSS.entitlements;
				CODE_SIGN_STYLE = Automatic;
				CURRENT_PROJECT_VERSION = 1;
				DEVELOPMENT_TEAM = 4U5V9NVSM3;
				ENABLE_PREVIEWS = YES;
				GENERATE_INFOPLIST_FILE = YES;
				INFOPLIST_FILE = RadioRSS/Ressources/Info.plist;
				INFOPLIST_KEY_CFBundleDisplayName = RadioRSS;
				INFOPLIST_KEY_LSApplicationCategoryType = "public.app-category.entertainment";
				INFOPLIST_KEY_UIApplicationSceneManifest_Generation = YES;
				INFOPLIST_KEY_UIApplicationSupportsIndirectInputEvents = YES;
				INFOPLIST_KEY_UILaunchScreen_Generation = YES;
				INFOPLIST_KEY_UIStatusBarHidden = NO;
				INFOPLIST_KEY_UIStatusBarStyle = UIStatusBarStyleDarkContent;
				INFOPLIST_KEY_UISupportedInterfaceOrientations = UIInterfaceOrientationPortrait;
				INFOPLIST_KEY_UISupportedInterfaceOrientations_iPad = "UIInterfaceOrientationLandscapeLeft UIInterfaceOrientationLandscapeRight UIInterfaceOrientationPortrait UIInterfaceOrientationPortraitUpsideDown";
				IPHONEOS_DEPLOYMENT_TARGET = 17.6;
				LD_RUNPATH_SEARCH_PATHS = (
					"$(inherited)",
					"@executable_path/Frameworks",
				);
				MARKETING_VERSION = 1.1;
				PRODUCT_BUNDLE_IDENTIFIER = com.xynergx.RadioRSS;
				PRODUCT_NAME = "$(TARGET_NAME)";
				SUPPORTED_PLATFORMS = "iphoneos iphonesimulator";
				SUPPORTS_MACCATALYST = NO;
				SUPPORTS_MAC_DESIGNED_FOR_IPHONE_IPAD = NO;
				SUPPORTS_XR_DESIGNED_FOR_IPHONE_IPAD = NO;
				SWIFT_EMIT_LOC_STRINGS = YES;
				SWIFT_VERSION = 5.0;
				TARGETED_DEVICE_FAMILY = 1;
			};
			name = Debug;
		};
		96F569FC2DD621B00058F1DD /* Release */ = {
			isa = XCBuildConfiguration;
			buildSettings = {
				ASSETCATALOG_COMPILER_APPICON_NAME = AppIcon;
				ASSETCATALOG_COMPILER_GLOBAL_ACCENT_COLOR_NAME = AccentColor;
				CODE_SIGN_ENTITLEMENTS = RadioRSS/Ressources/RadioRSS.entitlements;
				CODE_SIGN_STYLE = Automatic;
				CURRENT_PROJECT_VERSION = 1;
				DEVELOPMENT_TEAM = 4U5V9NVSM3;
				ENABLE_PREVIEWS = YES;
				GENERATE_INFOPLIST_FILE = YES;
				INFOPLIST_FILE = RadioRSS/Ressources/Info.plist;
				INFOPLIST_KEY_CFBundleDisplayName = RadioRSS;
				INFOPLIST_KEY_LSApplicationCategoryType = "public.app-category.entertainment";
				INFOPLIST_KEY_UIApplicationSceneManifest_Generation = YES;
				INFOPLIST_KEY_UIApplicationSupportsIndirectInputEvents = YES;
				INFOPLIST_KEY_UILaunchScreen_Generation = YES;
				INFOPLIST_KEY_UIStatusBarHidden = NO;
				INFOPLIST_KEY_UIStatusBarStyle = UIStatusBarStyleDarkContent;
				INFOPLIST_KEY_UISupportedInterfaceOrientations = UIInterfaceOrientationPortrait;
				INFOPLIST_KEY_UISupportedInterfaceOrientations_iPad = "UIInterfaceOrientationLandscapeLeft UIInterfaceOrientationLandscapeRight UIInterfaceOrientationPortrait UIInterfaceOrientationPortraitUpsideDown";
				IPHONEOS_DEPLOYMENT_TARGET = 17.6;
				LD_RUNPATH_SEARCH_PATHS = (
					"$(inherited)",
					"@executable_path/Frameworks",
				);
				MARKETING_VERSION = 1.1;
				PRODUCT_BUNDLE_IDENTIFIER = com.xynergx.RadioRSS;
				PRODUCT_NAME = "$(TARGET_NAME)";
				SUPPORTED_PLATFORMS = "iphoneos iphonesimulator";
				SUPPORTS_MACCATALYST = NO;
				SUPPORTS_MAC_DESIGNED_FOR_IPHONE_IPAD = NO;
				SUPPORTS_XR_DESIGNED_FOR_IPHONE_IPAD = NO;
				SWIFT_EMIT_LOC_STRINGS = YES;
				SWIFT_VERSION = 5.0;
				TARGETED_DEVICE_FAMILY = 1;
			};
			name = Release;
		};
		96F569FE2DD621B00058F1DD /* Debug */ = {
			isa = XCBuildConfiguration;
			buildSettings = {
				BUNDLE_LOADER = "$(TEST_HOST)";
				CODE_SIGN_STYLE = Automatic;
				CURRENT_PROJECT_VERSION = 1;
				DEVELOPMENT_TEAM = 4U5V9NVSM3;
				GENERATE_INFOPLIST_FILE = YES;
				IPHONEOS_DEPLOYMENT_TARGET = 18.4;
				MARKETING_VERSION = 1.0;
				PRODUCT_BUNDLE_IDENTIFIER = com.xynergx.RadioRSSTests;
				PRODUCT_NAME = "$(TARGET_NAME)";
				SWIFT_EMIT_LOC_STRINGS = NO;
				SWIFT_VERSION = 5.0;
				TARGETED_DEVICE_FAMILY = "1,2";
				TEST_HOST = "$(BUILT_PRODUCTS_DIR)/RadioRSS.app/$(BUNDLE_EXECUTABLE_FOLDER_PATH)/RadioRSS";
			};
			name = Debug;
		};
		96F569FF2DD621B00058F1DD /* Release */ = {
			isa = XCBuildConfiguration;
			buildSettings = {
				BUNDLE_LOADER = "$(TEST_HOST)";
				CODE_SIGN_STYLE = Automatic;
				CURRENT_PROJECT_VERSION = 1;
				DEVELOPMENT_TEAM = 4U5V9NVSM3;
				GENERATE_INFOPLIST_FILE = YES;
				IPHONEOS_DEPLOYMENT_TARGET = 18.4;
				MARKETING_VERSION = 1.0;
				PRODUCT_BUNDLE_IDENTIFIER = com.xynergx.RadioRSSTests;
				PRODUCT_NAME = "$(TARGET_NAME)";
				SWIFT_EMIT_LOC_STRINGS = NO;
				SWIFT_VERSION = 5.0;
				TARGETED_DEVICE_FAMILY = "1,2";
				TEST_HOST = "$(BUILT_PRODUCTS_DIR)/RadioRSS.app/$(BUNDLE_EXECUTABLE_FOLDER_PATH)/RadioRSS";
			};
			name = Release;
		};
		96F56A012DD621B00058F1DD /* Debug */ = {
			isa = XCBuildConfiguration;
			buildSettings = {
				CODE_SIGN_STYLE = Automatic;
				CURRENT_PROJECT_VERSION = 1;
				DEVELOPMENT_TEAM = 4U5V9NVSM3;
				GENERATE_INFOPLIST_FILE = YES;
				MARKETING_VERSION = 1.0;
				PRODUCT_BUNDLE_IDENTIFIER = com.xynergx.RadioRSSUITests;
				PRODUCT_NAME = "$(TARGET_NAME)";
				SWIFT_EMIT_LOC_STRINGS = NO;
				SWIFT_VERSION = 5.0;
				TARGETED_DEVICE_FAMILY = "1,2";
				TEST_TARGET_NAME = RadioRSS;
			};
			name = Debug;
		};
		96F56A022DD621B00058F1DD /* Release */ = {
			isa = XCBuildConfiguration;
			buildSettings = {
				CODE_SIGN_STYLE = Automatic;
				CURRENT_PROJECT_VERSION = 1;
				DEVELOPMENT_TEAM = 4U5V9NVSM3;
				GENERATE_INFOPLIST_FILE = YES;
				MARKETING_VERSION = 1.0;
				PRODUCT_BUNDLE_IDENTIFIER = com.xynergx.RadioRSSUITests;
				PRODUCT_NAME = "$(TARGET_NAME)";
				SWIFT_EMIT_LOC_STRINGS = NO;
				SWIFT_VERSION = 5.0;
				TARGETED_DEVICE_FAMILY = "1,2";
				TEST_TARGET_NAME = RadioRSS;
			};
			name = Release;
		};
/* End XCBuildConfiguration section */

/* Begin XCConfigurationList section */
		96F569D22DD621AF0058F1DD /* Build configuration list for PBXProject "RadioRSS" */ = {
			isa = XCConfigurationList;
			buildConfigurations = (
				96F569F82DD621B00058F1DD /* Debug */,
				96F569F92DD621B00058F1DD /* Release */,
			);
			defaultConfigurationIsVisible = 0;
			defaultConfigurationName = Release;
		};
		96F569FA2DD621B00058F1DD /* Build configuration list for PBXNativeTarget "RadioRSS" */ = {
			isa = XCConfigurationList;
			buildConfigurations = (
				96F569FB2DD621B00058F1DD /* Debug */,
				96F569FC2DD621B00058F1DD /* Release */,
			);
			defaultConfigurationIsVisible = 0;
			defaultConfigurationName = Release;
		};
		96F569FD2DD621B00058F1DD /* Build configuration list for PBXNativeTarget "RadioRSSTests" */ = {
			isa = XCConfigurationList;
			buildConfigurations = (
				96F569FE2DD621B00058F1DD /* Debug */,
				96F569FF2DD621B00058F1DD /* Release */,
			);
			defaultConfigurationIsVisible = 0;
			defaultConfigurationName = Release;
		};
		96F56A002DD621B00058F1DD /* Build configuration list for PBXNativeTarget "RadioRSSUITests" */ = {
			isa = XCConfigurationList;
			buildConfigurations = (
				96F56A012DD621B00058F1DD /* Debug */,
				96F56A022DD621B00058F1DD /* Release */,
			);
			defaultConfigurationIsVisible = 0;
			defaultConfigurationName = Release;
		};
/* End XCConfigurationList section */

/* Begin XCRemoteSwiftPackageReference section */
		96F56A472DD622390058F1DD /* XCRemoteSwiftPackageReference "Nuke" */ = {
			isa = XCRemoteSwiftPackageReference;
			repositoryURL = "https://github.com/kean/Nuke";
			requirement = {
				kind = upToNextMajorVersion;
				minimumVersion = 12.8.0;
			};
		};
		96F56B172DD62D390058F1DD /* XCRemoteSwiftPackageReference "FeedKit" */ = {
			isa = XCRemoteSwiftPackageReference;
			repositoryURL = "https://github.com/nmdias/FeedKit";
			requirement = {
				kind = exactVersion;
				version = 9.1.2;
			};
		};
/* End XCRemoteSwiftPackageReference section */

/* Begin XCSwiftPackageProductDependency section */
		96F56A482DD622390058F1DD /* Nuke */ = {
			isa = XCSwiftPackageProductDependency;
			package = 96F56A472DD622390058F1DD /* XCRemoteSwiftPackageReference "Nuke" */;
			productName = Nuke;
		};
		96F56A4A2DD622390058F1DD /* NukeUI */ = {
			isa = XCSwiftPackageProductDependency;
			package = 96F56A472DD622390058F1DD /* XCRemoteSwiftPackageReference "Nuke" */;
			productName = NukeUI;
		};
		96F56B182DD62D390058F1DD /* FeedKit */ = {
			isa = XCSwiftPackageProductDependency;
			package = 96F56B172DD62D390058F1DD /* XCRemoteSwiftPackageReference "FeedKit" */;
			productName = FeedKit;
		};
/* End XCSwiftPackageProductDependency section */
	};
	rootObject = 96F569CF2DD621AF0058F1DD /* Project object */;
}
